// !$*UTF8*$!
{
	archiveVersion = 1;
	classes = {
	};
	objectVersion = 55;
	objects = {

/* Begin PBXBuildFile section */
		FA80313F286BF79200F4299E /* MarvallyApp.swift in Sources */ = {isa = PBXBuildFile; fileRef = FA80313E286BF79200F4299E /* MarvallyApp.swift */; };
		FA803143286BF79700F4299E /* Assets.xcassets in Resources */ = {isa = PBXBuildFile; fileRef = FA803142286BF79700F4299E /* Assets.xcassets */; };
		FA803146286BF79700F4299E /* Preview Assets.xcassets in Resources */ = {isa = PBXBuildFile; fileRef = FA803145286BF79700F4299E /* Preview Assets.xcassets */; };
		FA803150286BF79700F4299E /* MarvallyTests.swift in Sources */ = {isa = PBXBuildFile; fileRef = FA80314F286BF79700F4299E /* MarvallyTests.swift */; };
		FA80315A286BF79700F4299E /* MarvallyUITests.swift in Sources */ = {isa = PBXBuildFile; fileRef = FA803159286BF79700F4299E /* MarvallyUITests.swift */; };
		FA80315C286BF79700F4299E /* MarvallyUITestsLaunchTests.swift in Sources */ = {isa = PBXBuildFile; fileRef = FA80315B286BF79700F4299E /* MarvallyUITestsLaunchTests.swift */; };
		FA803169286BF94F00F4299E /* SearchBar.swift in Sources */ = {isa = PBXBuildFile; fileRef = FA803168286BF94F00F4299E /* SearchBar.swift */; };
		FA803175286C311C00F4299E /* StyleFont.swift in Sources */ = {isa = PBXBuildFile; fileRef = FA803174286C311C00F4299E /* StyleFont.swift */; };
		FA80317B286C320500F4299E /* Montserrat-Medium.ttf in Resources */ = {isa = PBXBuildFile; fileRef = FA803176286C320500F4299E /* Montserrat-Medium.ttf */; };
		FA80317C286C320500F4299E /* Montserrat-SemiBold.ttf in Resources */ = {isa = PBXBuildFile; fileRef = FA803177286C320500F4299E /* Montserrat-SemiBold.ttf */; };
		FA80317D286C320500F4299E /* Montserrat-Bold.ttf in Resources */ = {isa = PBXBuildFile; fileRef = FA803178286C320500F4299E /* Montserrat-Bold.ttf */; };
		FA80317E286C320500F4299E /* Montserrat-Light.ttf in Resources */ = {isa = PBXBuildFile; fileRef = FA803179286C320500F4299E /* Montserrat-Light.ttf */; };
		FA80317F286C320500F4299E /* Montserrat-Regular.ttf in Resources */ = {isa = PBXBuildFile; fileRef = FA80317A286C320500F4299E /* Montserrat-Regular.ttf */; };
		FA803181286C431600F4299E /* DashboardCard.swift in Sources */ = {isa = PBXBuildFile; fileRef = FA803180286C431600F4299E /* DashboardCard.swift */; };
		FA803183286D489200F4299E /* PopularEventCard.swift in Sources */ = {isa = PBXBuildFile; fileRef = FA803182286D489200F4299E /* PopularEventCard.swift */; };
		FA803185286D88B200F4299E /* StyleColor.swift in Sources */ = {isa = PBXBuildFile; fileRef = FA803184286D88B200F4299E /* StyleColor.swift */; };
		FA803187286D8BBC00F4299E /* Helper.swift in Sources */ = {isa = PBXBuildFile; fileRef = FA803186286D8BBC00F4299E /* Helper.swift */; };
		FA803189286D8FF500F4299E /* EventYouMightLikeCard.swift in Sources */ = {isa = PBXBuildFile; fileRef = FA803188286D8FF500F4299E /* EventYouMightLikeCard.swift */; };
		FA80318B286D930400F4299E /* EventYouMightLikeCollection.swift in Sources */ = {isa = PBXBuildFile; fileRef = FA80318A286D930400F4299E /* EventYouMightLikeCollection.swift */; };
		FA999E6D286EAFD100C02A73 /* HeroesLeaderboardsCell.swift in Sources */ = {isa = PBXBuildFile; fileRef = FA999E6C286EAFD100C02A73 /* HeroesLeaderboardsCell.swift */; };
		FA999E6F286ED1BB00C02A73 /* HeroesLeaderboardRow.swift in Sources */ = {isa = PBXBuildFile; fileRef = FA999E6E286ED1BB00C02A73 /* HeroesLeaderboardRow.swift */; };
		FA999E74286EE06600C02A73 /* MarvallyTabView.swift in Sources */ = {isa = PBXBuildFile; fileRef = FA999E73286EE06600C02A73 /* MarvallyTabView.swift */; };
		FA999E76286EE9D300C02A73 /* DashboardView.swift in Sources */ = {isa = PBXBuildFile; fileRef = FA999E75286EE9D300C02A73 /* DashboardView.swift */; };
/* End PBXBuildFile section */

/* Begin PBXContainerItemProxy section */
		FA80314C286BF79700F4299E /* PBXContainerItemProxy */ = {
			isa = PBXContainerItemProxy;
			containerPortal = FA803133286BF79200F4299E /* Project object */;
			proxyType = 1;
			remoteGlobalIDString = FA80313A286BF79200F4299E;
			remoteInfo = Marvally;
		};
		FA803156286BF79700F4299E /* PBXContainerItemProxy */ = {
			isa = PBXContainerItemProxy;
			containerPortal = FA803133286BF79200F4299E /* Project object */;
			proxyType = 1;
			remoteGlobalIDString = FA80313A286BF79200F4299E;
			remoteInfo = Marvally;
		};
/* End PBXContainerItemProxy section */

/* Begin PBXFileReference section */
		FA80313B286BF79200F4299E /* Marvally.app */ = {isa = PBXFileReference; explicitFileType = wrapper.application; includeInIndex = 0; path = Marvally.app; sourceTree = BUILT_PRODUCTS_DIR; };
		FA80313E286BF79200F4299E /* MarvallyApp.swift */ = {isa = PBXFileReference; lastKnownFileType = sourcecode.swift; path = MarvallyApp.swift; sourceTree = "<group>"; };
		FA803142286BF79700F4299E /* Assets.xcassets */ = {isa = PBXFileReference; lastKnownFileType = folder.assetcatalog; path = Assets.xcassets; sourceTree = "<group>"; };
		FA803145286BF79700F4299E /* Preview Assets.xcassets */ = {isa = PBXFileReference; lastKnownFileType = folder.assetcatalog; path = "Preview Assets.xcassets"; sourceTree = "<group>"; };
		FA80314B286BF79700F4299E /* MarvallyTests.xctest */ = {isa = PBXFileReference; explicitFileType = wrapper.cfbundle; includeInIndex = 0; path = MarvallyTests.xctest; sourceTree = BUILT_PRODUCTS_DIR; };
		FA80314F286BF79700F4299E /* MarvallyTests.swift */ = {isa = PBXFileReference; lastKnownFileType = sourcecode.swift; path = MarvallyTests.swift; sourceTree = "<group>"; };
		FA803155286BF79700F4299E /* MarvallyUITests.xctest */ = {isa = PBXFileReference; explicitFileType = wrapper.cfbundle; includeInIndex = 0; path = MarvallyUITests.xctest; sourceTree = BUILT_PRODUCTS_DIR; };
		FA803159286BF79700F4299E /* MarvallyUITests.swift */ = {isa = PBXFileReference; lastKnownFileType = sourcecode.swift; path = MarvallyUITests.swift; sourceTree = "<group>"; };
		FA80315B286BF79700F4299E /* MarvallyUITestsLaunchTests.swift */ = {isa = PBXFileReference; lastKnownFileType = sourcecode.swift; path = MarvallyUITestsLaunchTests.swift; sourceTree = "<group>"; };
		FA803168286BF94F00F4299E /* SearchBar.swift */ = {isa = PBXFileReference; lastKnownFileType = sourcecode.swift; path = SearchBar.swift; sourceTree = "<group>"; };
		FA803172286C2C3A00F4299E /* Info.plist */ = {isa = PBXFileReference; lastKnownFileType = text.plist; path = Info.plist; sourceTree = "<group>"; };
		FA803174286C311C00F4299E /* StyleFont.swift */ = {isa = PBXFileReference; lastKnownFileType = sourcecode.swift; path = StyleFont.swift; sourceTree = "<group>"; };
		FA803176286C320500F4299E /* Montserrat-Medium.ttf */ = {isa = PBXFileReference; lastKnownFileType = file; path = "Montserrat-Medium.ttf"; sourceTree = "<group>"; };
		FA803177286C320500F4299E /* Montserrat-SemiBold.ttf */ = {isa = PBXFileReference; lastKnownFileType = file; path = "Montserrat-SemiBold.ttf"; sourceTree = "<group>"; };
		FA803178286C320500F4299E /* Montserrat-Bold.ttf */ = {isa = PBXFileReference; lastKnownFileType = file; path = "Montserrat-Bold.ttf"; sourceTree = "<group>"; };
		FA803179286C320500F4299E /* Montserrat-Light.ttf */ = {isa = PBXFileReference; lastKnownFileType = file; path = "Montserrat-Light.ttf"; sourceTree = "<group>"; };
		FA80317A286C320500F4299E /* Montserrat-Regular.ttf */ = {isa = PBXFileReference; lastKnownFileType = file; path = "Montserrat-Regular.ttf"; sourceTree = "<group>"; };
		FA803180286C431600F4299E /* DashboardCard.swift */ = {isa = PBXFileReference; lastKnownFileType = sourcecode.swift; path = DashboardCard.swift; sourceTree = "<group>"; };
		FA803182286D489200F4299E /* PopularEventCard.swift */ = {isa = PBXFileReference; lastKnownFileType = sourcecode.swift; path = PopularEventCard.swift; sourceTree = "<group>"; };
		FA803184286D88B200F4299E /* StyleColor.swift */ = {isa = PBXFileReference; lastKnownFileType = sourcecode.swift; path = StyleColor.swift; sourceTree = "<group>"; };
		FA803186286D8BBC00F4299E /* Helper.swift */ = {isa = PBXFileReference; lastKnownFileType = sourcecode.swift; path = Helper.swift; sourceTree = "<group>"; };
		FA803188286D8FF500F4299E /* EventYouMightLikeCard.swift */ = {isa = PBXFileReference; lastKnownFileType = sourcecode.swift; path = EventYouMightLikeCard.swift; sourceTree = "<group>"; };
		FA80318A286D930400F4299E /* EventYouMightLikeCollection.swift */ = {isa = PBXFileReference; lastKnownFileType = sourcecode.swift; path = EventYouMightLikeCollection.swift; sourceTree = "<group>"; };
		FA999E6C286EAFD100C02A73 /* HeroesLeaderboardsCell.swift */ = {isa = PBXFileReference; lastKnownFileType = sourcecode.swift; path = HeroesLeaderboardsCell.swift; sourceTree = "<group>"; };
		FA999E6E286ED1BB00C02A73 /* HeroesLeaderboardRow.swift */ = {isa = PBXFileReference; lastKnownFileType = sourcecode.swift; path = HeroesLeaderboardRow.swift; sourceTree = "<group>"; };
		FA999E73286EE06600C02A73 /* MarvallyTabView.swift */ = {isa = PBXFileReference; lastKnownFileType = sourcecode.swift; path = MarvallyTabView.swift; sourceTree = "<group>"; };
		FA999E75286EE9D300C02A73 /* DashboardView.swift */ = {isa = PBXFileReference; lastKnownFileType = sourcecode.swift; path = DashboardView.swift; sourceTree = "<group>"; };
/* End PBXFileReference section */

/* Begin PBXFrameworksBuildPhase section */
		FA803138286BF79200F4299E /* Frameworks */ = {
			isa = PBXFrameworksBuildPhase;
			buildActionMask = 2147483647;
			files = (
			);
			runOnlyForDeploymentPostprocessing = 0;
		};
		FA803148286BF79700F4299E /* Frameworks */ = {
			isa = PBXFrameworksBuildPhase;
			buildActionMask = 2147483647;
			files = (
			);
			runOnlyForDeploymentPostprocessing = 0;
		};
		FA803152286BF79700F4299E /* Frameworks */ = {
			isa = PBXFrameworksBuildPhase;
			buildActionMask = 2147483647;
			files = (
			);
			runOnlyForDeploymentPostprocessing = 0;
		};
/* End PBXFrameworksBuildPhase section */

/* Begin PBXGroup section */
		FA803132286BF79200F4299E = {
			isa = PBXGroup;
			children = (
				FA80313D286BF79200F4299E /* Marvally */,
				FA80314E286BF79700F4299E /* MarvallyTests */,
				FA803158286BF79700F4299E /* MarvallyUITests */,
				FA80313C286BF79200F4299E /* Products */,
			);
			sourceTree = "<group>";
		};
		FA80313C286BF79200F4299E /* Products */ = {
			isa = PBXGroup;
			children = (
				FA80313B286BF79200F4299E /* Marvally.app */,
				FA80314B286BF79700F4299E /* MarvallyTests.xctest */,
				FA803155286BF79700F4299E /* MarvallyUITests.xctest */,
			);
			name = Products;
			sourceTree = "<group>";
		};
		FA80313D286BF79200F4299E /* Marvally */ = {
			isa = PBXGroup;
			children = (
				FA803172286C2C3A00F4299E /* Info.plist */,
				FA80316A286C2B2000F4299E /* Themes */,
				FA80316D286C2B3B00F4299E /* Views */,
				FA80313E286BF79200F4299E /* MarvallyApp.swift */,
				FA803186286D8BBC00F4299E /* Helper.swift */,
				FA803142286BF79700F4299E /* Assets.xcassets */,
				FA803144286BF79700F4299E /* Preview Content */,
			);
			path = Marvally;
			sourceTree = "<group>";
		};
		FA803144286BF79700F4299E /* Preview Content */ = {
			isa = PBXGroup;
			children = (
				FA803145286BF79700F4299E /* Preview Assets.xcassets */,
			);
			path = "Preview Content";
			sourceTree = "<group>";
		};
		FA80314E286BF79700F4299E /* MarvallyTests */ = {
			isa = PBXGroup;
			children = (
				FA80314F286BF79700F4299E /* MarvallyTests.swift */,
			);
			path = MarvallyTests;
			sourceTree = "<group>";
		};
		FA803158286BF79700F4299E /* MarvallyUITests */ = {
			isa = PBXGroup;
			children = (
				FA803159286BF79700F4299E /* MarvallyUITests.swift */,
				FA80315B286BF79700F4299E /* MarvallyUITestsLaunchTests.swift */,
			);
			path = MarvallyUITests;
			sourceTree = "<group>";
		};
		FA80316A286C2B2000F4299E /* Themes */ = {
			isa = PBXGroup;
			children = (
				FA80316B286C2B2900F4299E /* Colors */,
				FA80316C286C2B2E00F4299E /* Fonts */,
			);
			path = Themes;
			sourceTree = "<group>";
		};
		FA80316B286C2B2900F4299E /* Colors */ = {
			isa = PBXGroup;
			children = (
				FA803184286D88B200F4299E /* StyleColor.swift */,
			);
			path = Colors;
			sourceTree = "<group>";
		};
		FA80316C286C2B2E00F4299E /* Fonts */ = {
			isa = PBXGroup;
			children = (
				FA803173286C30D600F4299E /* Typefaces */,
				FA803174286C311C00F4299E /* StyleFont.swift */,
			);
			path = Fonts;
			sourceTree = "<group>";
		};
		FA80316D286C2B3B00F4299E /* Views */ = {
			isa = PBXGroup;
			children = (
				FA999E73286EE06600C02A73 /* MarvallyTabView.swift */,
				FA999E72286EE01B00C02A73 /* Dashboard */,
			);
			path = Views;
			sourceTree = "<group>";
		};
		FA803173286C30D600F4299E /* Typefaces */ = {
			isa = PBXGroup;
			children = (
				FA803178286C320500F4299E /* Montserrat-Bold.ttf */,
				FA803179286C320500F4299E /* Montserrat-Light.ttf */,
				FA803176286C320500F4299E /* Montserrat-Medium.ttf */,
				FA80317A286C320500F4299E /* Montserrat-Regular.ttf */,
				FA803177286C320500F4299E /* Montserrat-SemiBold.ttf */,
			);
			path = Typefaces;
			sourceTree = "<group>";
		};
		FA999E72286EE01B00C02A73 /* Dashboard */ = {
			isa = PBXGroup;
			children = (
				FA999E75286EE9D300C02A73 /* DashboardView.swift */,
				FA803168286BF94F00F4299E /* SearchBar.swift */,
				FA803180286C431600F4299E /* DashboardCard.swift */,
				FA803182286D489200F4299E /* PopularEventCard.swift */,
				FA80318A286D930400F4299E /* EventYouMightLikeCollection.swift */,
				FA803188286D8FF500F4299E /* EventYouMightLikeCard.swift */,
				FA999E6E286ED1BB00C02A73 /* HeroesLeaderboardRow.swift */,
				FA999E6C286EAFD100C02A73 /* HeroesLeaderboardsCell.swift */,
			);
			path = Dashboard;
			sourceTree = "<group>";
		};
/* End PBXGroup section */

/* Begin PBXNativeTarget section */
		FA80313A286BF79200F4299E /* Marvally */ = {
			isa = PBXNativeTarget;
			buildConfigurationList = FA80315F286BF79700F4299E /* Build configuration list for PBXNativeTarget "Marvally" */;
			buildPhases = (
				FA803137286BF79200F4299E /* Sources */,
				FA803138286BF79200F4299E /* Frameworks */,
				FA803139286BF79200F4299E /* Resources */,
			);
			buildRules = (
			);
			dependencies = (
			);
			name = Marvally;
			productName = Marvally;
			productReference = FA80313B286BF79200F4299E /* Marvally.app */;
			productType = "com.apple.product-type.application";
		};
		FA80314A286BF79700F4299E /* MarvallyTests */ = {
			isa = PBXNativeTarget;
			buildConfigurationList = FA803162286BF79700F4299E /* Build configuration list for PBXNativeTarget "MarvallyTests" */;
			buildPhases = (
				FA803147286BF79700F4299E /* Sources */,
				FA803148286BF79700F4299E /* Frameworks */,
				FA803149286BF79700F4299E /* Resources */,
			);
			buildRules = (
			);
			dependencies = (
				FA80314D286BF79700F4299E /* PBXTargetDependency */,
			);
			name = MarvallyTests;
			productName = MarvallyTests;
			productReference = FA80314B286BF79700F4299E /* MarvallyTests.xctest */;
			productType = "com.apple.product-type.bundle.unit-test";
		};
		FA803154286BF79700F4299E /* MarvallyUITests */ = {
			isa = PBXNativeTarget;
			buildConfigurationList = FA803165286BF79700F4299E /* Build configuration list for PBXNativeTarget "MarvallyUITests" */;
			buildPhases = (
				FA803151286BF79700F4299E /* Sources */,
				FA803152286BF79700F4299E /* Frameworks */,
				FA803153286BF79700F4299E /* Resources */,
			);
			buildRules = (
			);
			dependencies = (
				FA803157286BF79700F4299E /* PBXTargetDependency */,
			);
			name = MarvallyUITests;
			productName = MarvallyUITests;
			productReference = FA803155286BF79700F4299E /* MarvallyUITests.xctest */;
			productType = "com.apple.product-type.bundle.ui-testing";
		};
/* End PBXNativeTarget section */

/* Begin PBXProject section */
		FA803133286BF79200F4299E /* Project object */ = {
			isa = PBXProject;
			attributes = {
				BuildIndependentTargetsInParallel = 1;
				LastSwiftUpdateCheck = 1340;
				LastUpgradeCheck = 1340;
				TargetAttributes = {
					FA80313A286BF79200F4299E = {
						CreatedOnToolsVersion = 13.4.1;
					};
					FA80314A286BF79700F4299E = {
						CreatedOnToolsVersion = 13.4.1;
						TestTargetID = FA80313A286BF79200F4299E;
					};
					FA803154286BF79700F4299E = {
						CreatedOnToolsVersion = 13.4.1;
						TestTargetID = FA80313A286BF79200F4299E;
					};
				};
			};
			buildConfigurationList = FA803136286BF79200F4299E /* Build configuration list for PBXProject "Marvally" */;
			compatibilityVersion = "Xcode 13.0";
			developmentRegion = en;
			hasScannedForEncodings = 0;
			knownRegions = (
				en,
				Base,
			);
			mainGroup = FA803132286BF79200F4299E;
			productRefGroup = FA80313C286BF79200F4299E /* Products */;
			projectDirPath = "";
			projectRoot = "";
			targets = (
				FA80313A286BF79200F4299E /* Marvally */,
				FA80314A286BF79700F4299E /* MarvallyTests */,
				FA803154286BF79700F4299E /* MarvallyUITests */,
			);
		};
/* End PBXProject section */

/* Begin PBXResourcesBuildPhase section */
		FA803139286BF79200F4299E /* Resources */ = {
			isa = PBXResourcesBuildPhase;
			buildActionMask = 2147483647;
			files = (
				FA80317E286C320500F4299E /* Montserrat-Light.ttf in Resources */,
				FA80317D286C320500F4299E /* Montserrat-Bold.ttf in Resources */,
				FA80317F286C320500F4299E /* Montserrat-Regular.ttf in Resources */,
				FA803146286BF79700F4299E /* Preview Assets.xcassets in Resources */,
				FA80317B286C320500F4299E /* Montserrat-Medium.ttf in Resources */,
				FA80317C286C320500F4299E /* Montserrat-SemiBold.ttf in Resources */,
				FA803143286BF79700F4299E /* Assets.xcassets in Resources */,
			);
			runOnlyForDeploymentPostprocessing = 0;
		};
		FA803149286BF79700F4299E /* Resources */ = {
			isa = PBXResourcesBuildPhase;
			buildActionMask = 2147483647;
			files = (
			);
			runOnlyForDeploymentPostprocessing = 0;
		};
		FA803153286BF79700F4299E /* Resources */ = {
			isa = PBXResourcesBuildPhase;
			buildActionMask = 2147483647;
			files = (
			);
			runOnlyForDeploymentPostprocessing = 0;
		};
/* End PBXResourcesBuildPhase section */

/* Begin PBXSourcesBuildPhase section */
		FA803137286BF79200F4299E /* Sources */ = {
			isa = PBXSourcesBuildPhase;
			buildActionMask = 2147483647;
			files = (
				FA803183286D489200F4299E /* PopularEventCard.swift in Sources */,
				FA803181286C431600F4299E /* DashboardCard.swift in Sources */,
				FA80313F286BF79200F4299E /* MarvallyApp.swift in Sources */,
				FA999E6D286EAFD100C02A73 /* HeroesLeaderboardsCell.swift in Sources */,
				FA803189286D8FF500F4299E /* EventYouMightLikeCard.swift in Sources */,
				FA999E74286EE06600C02A73 /* MarvallyTabView.swift in Sources */,
				FA803185286D88B200F4299E /* StyleColor.swift in Sources */,
				FA803175286C311C00F4299E /* StyleFont.swift in Sources */,
				FA999E6F286ED1BB00C02A73 /* HeroesLeaderboardRow.swift in Sources */,
				FA80318B286D930400F4299E /* EventYouMightLikeCollection.swift in Sources */,
				FA803169286BF94F00F4299E /* SearchBar.swift in Sources */,
				FA999E76286EE9D300C02A73 /* DashboardView.swift in Sources */,
				FA803187286D8BBC00F4299E /* Helper.swift in Sources */,
			);
			runOnlyForDeploymentPostprocessing = 0;
		};
		FA803147286BF79700F4299E /* Sources */ = {
			isa = PBXSourcesBuildPhase;
			buildActionMask = 2147483647;
			files = (
				FA803150286BF79700F4299E /* MarvallyTests.swift in Sources */,
			);
			runOnlyForDeploymentPostprocessing = 0;
		};
		FA803151286BF79700F4299E /* Sources */ = {
			isa = PBXSourcesBuildPhase;
			buildActionMask = 2147483647;
			files = (
				FA80315C286BF79700F4299E /* MarvallyUITestsLaunchTests.swift in Sources */,
				FA80315A286BF79700F4299E /* MarvallyUITests.swift in Sources */,
			);
			runOnlyForDeploymentPostprocessing = 0;
		};
/* End PBXSourcesBuildPhase section */

/* Begin PBXTargetDependency section */
		FA80314D286BF79700F4299E /* PBXTargetDependency */ = {
			isa = PBXTargetDependency;
			target = FA80313A286BF79200F4299E /* Marvally */;
			targetProxy = FA80314C286BF79700F4299E /* PBXContainerItemProxy */;
		};
		FA803157286BF79700F4299E /* PBXTargetDependency */ = {
			isa = PBXTargetDependency;
			target = FA80313A286BF79200F4299E /* Marvally */;
			targetProxy = FA803156286BF79700F4299E /* PBXContainerItemProxy */;
		};
/* End PBXTargetDependency section */

/* Begin XCBuildConfiguration section */
		FA80315D286BF79700F4299E /* Debug */ = {
			isa = XCBuildConfiguration;
			buildSettings = {
				ALWAYS_SEARCH_USER_PATHS = NO;
				CLANG_ANALYZER_NONNULL = YES;
				CLANG_ANALYZER_NUMBER_OBJECT_CONVERSION = YES_AGGRESSIVE;
				CLANG_CXX_LANGUAGE_STANDARD = "gnu++17";
				CLANG_ENABLE_MODULES = YES;
				CLANG_ENABLE_OBJC_ARC = YES;
				CLANG_ENABLE_OBJC_WEAK = YES;
				CLANG_WARN_BLOCK_CAPTURE_AUTORELEASING = YES;
				CLANG_WARN_BOOL_CONVERSION = YES;
				CLANG_WARN_COMMA = YES;
				CLANG_WARN_CONSTANT_CONVERSION = YES;
				CLANG_WARN_DEPRECATED_OBJC_IMPLEMENTATIONS = YES;
				CLANG_WARN_DIRECT_OBJC_ISA_USAGE = YES_ERROR;
				CLANG_WARN_DOCUMENTATION_COMMENTS = YES;
				CLANG_WARN_EMPTY_BODY = YES;
				CLANG_WARN_ENUM_CONVERSION = YES;
				CLANG_WARN_INFINITE_RECURSION = YES;
				CLANG_WARN_INT_CONVERSION = YES;
				CLANG_WARN_NON_LITERAL_NULL_CONVERSION = YES;
				CLANG_WARN_OBJC_IMPLICIT_RETAIN_SELF = YES;
				CLANG_WARN_OBJC_LITERAL_CONVERSION = YES;
				CLANG_WARN_OBJC_ROOT_CLASS = YES_ERROR;
				CLANG_WARN_QUOTED_INCLUDE_IN_FRAMEWORK_HEADER = YES;
				CLANG_WARN_RANGE_LOOP_ANALYSIS = YES;
				CLANG_WARN_STRICT_PROTOTYPES = YES;
				CLANG_WARN_SUSPICIOUS_MOVE = YES;
				CLANG_WARN_UNGUARDED_AVAILABILITY = YES_AGGRESSIVE;
				CLANG_WARN_UNREACHABLE_CODE = YES;
				CLANG_WARN__DUPLICATE_METHOD_MATCH = YES;
				COPY_PHASE_STRIP = NO;
				DEBUG_INFORMATION_FORMAT = dwarf;
				ENABLE_STRICT_OBJC_MSGSEND = YES;
				ENABLE_TESTABILITY = YES;
				GCC_C_LANGUAGE_STANDARD = gnu11;
				GCC_DYNAMIC_NO_PIC = NO;
				GCC_NO_COMMON_BLOCKS = YES;
				GCC_OPTIMIZATION_LEVEL = 0;
				GCC_PREPROCESSOR_DEFINITIONS = (
					"DEBUG=1",
					"$(inherited)",
				);
				GCC_WARN_64_TO_32_BIT_CONVERSION = YES;
				GCC_WARN_ABOUT_RETURN_TYPE = YES_ERROR;
				GCC_WARN_UNDECLARED_SELECTOR = YES;
				GCC_WARN_UNINITIALIZED_AUTOS = YES_AGGRESSIVE;
				GCC_WARN_UNUSED_FUNCTION = YES;
				GCC_WARN_UNUSED_VARIABLE = YES;
				IPHONEOS_DEPLOYMENT_TARGET = 15.5;
				MTL_ENABLE_DEBUG_INFO = INCLUDE_SOURCE;
				MTL_FAST_MATH = YES;
				ONLY_ACTIVE_ARCH = YES;
				SDKROOT = iphoneos;
				SWIFT_ACTIVE_COMPILATION_CONDITIONS = DEBUG;
				SWIFT_OPTIMIZATION_LEVEL = "-Onone";
			};
			name = Debug;
		};
		FA80315E286BF79700F4299E /* Release */ = {
			isa = XCBuildConfiguration;
			buildSettings = {
				ALWAYS_SEARCH_USER_PATHS = NO;
				CLANG_ANALYZER_NONNULL = YES;
				CLANG_ANALYZER_NUMBER_OBJECT_CONVERSION = YES_AGGRESSIVE;
				CLANG_CXX_LANGUAGE_STANDARD = "gnu++17";
				CLANG_ENABLE_MODULES = YES;
				CLANG_ENABLE_OBJC_ARC = YES;
				CLANG_ENABLE_OBJC_WEAK = YES;
				CLANG_WARN_BLOCK_CAPTURE_AUTORELEASING = YES;
				CLANG_WARN_BOOL_CONVERSION = YES;
				CLANG_WARN_COMMA = YES;
				CLANG_WARN_CONSTANT_CONVERSION = YES;
				CLANG_WARN_DEPRECATED_OBJC_IMPLEMENTATIONS = YES;
				CLANG_WARN_DIRECT_OBJC_ISA_USAGE = YES_ERROR;
				CLANG_WARN_DOCUMENTATION_COMMENTS = YES;
				CLANG_WARN_EMPTY_BODY = YES;
				CLANG_WARN_ENUM_CONVERSION = YES;
				CLANG_WARN_INFINITE_RECURSION = YES;
				CLANG_WARN_INT_CONVERSION = YES;
				CLANG_WARN_NON_LITERAL_NULL_CONVERSION = YES;
				CLANG_WARN_OBJC_IMPLICIT_RETAIN_SELF = YES;
				CLANG_WARN_OBJC_LITERAL_CONVERSION = YES;
				CLANG_WARN_OBJC_ROOT_CLASS = YES_ERROR;
				CLANG_WARN_QUOTED_INCLUDE_IN_FRAMEWORK_HEADER = YES;
				CLANG_WARN_RANGE_LOOP_ANALYSIS = YES;
				CLANG_WARN_STRICT_PROTOTYPES = YES;
				CLANG_WARN_SUSPICIOUS_MOVE = YES;
				CLANG_WARN_UNGUARDED_AVAILABILITY = YES_AGGRESSIVE;
				CLANG_WARN_UNREACHABLE_CODE = YES;
				CLANG_WARN__DUPLICATE_METHOD_MATCH = YES;
				COPY_PHASE_STRIP = NO;
				DEBUG_INFORMATION_FORMAT = "dwarf-with-dsym";
				ENABLE_NS_ASSERTIONS = NO;
				ENABLE_STRICT_OBJC_MSGSEND = YES;
				GCC_C_LANGUAGE_STANDARD = gnu11;
				GCC_NO_COMMON_BLOCKS = YES;
				GCC_WARN_64_TO_32_BIT_CONVERSION = YES;
				GCC_WARN_ABOUT_RETURN_TYPE = YES_ERROR;
				GCC_WARN_UNDECLARED_SELECTOR = YES;
				GCC_WARN_UNINITIALIZED_AUTOS = YES_AGGRESSIVE;
				GCC_WARN_UNUSED_FUNCTION = YES;
				GCC_WARN_UNUSED_VARIABLE = YES;
				IPHONEOS_DEPLOYMENT_TARGET = 15.5;
				MTL_ENABLE_DEBUG_INFO = NO;
				MTL_FAST_MATH = YES;
				SDKROOT = iphoneos;
				SWIFT_COMPILATION_MODE = wholemodule;
				SWIFT_OPTIMIZATION_LEVEL = "-O";
				VALIDATE_PRODUCT = YES;
			};
			name = Release;
		};
		FA803160286BF79700F4299E /* Debug */ = {
			isa = XCBuildConfiguration;
			buildSettings = {
				ASSETCATALOG_COMPILER_APPICON_NAME = AppIcon;
				ASSETCATALOG_COMPILER_GLOBAL_ACCENT_COLOR_NAME = AccentColor;
				CODE_SIGN_STYLE = Automatic;
				CURRENT_PROJECT_VERSION = 1;
				DEVELOPMENT_ASSET_PATHS = "\"Marvally/Preview Content\"";
				DEVELOPMENT_TEAM = QWVAEMBXMM;
				ENABLE_PREVIEWS = YES;
				GENERATE_INFOPLIST_FILE = YES;
				INFOPLIST_FILE = Marvally/Info.plist;
				INFOPLIST_KEY_UIApplicationSceneManifest_Generation = YES;
				INFOPLIST_KEY_UIApplicationSupportsIndirectInputEvents = YES;
				INFOPLIST_KEY_UILaunchScreen_Generation = YES;
				INFOPLIST_KEY_UISupportedInterfaceOrientations_iPad = "UIInterfaceOrientationPortrait UIInterfaceOrientationPortraitUpsideDown UIInterfaceOrientationLandscapeLeft UIInterfaceOrientationLandscapeRight";
				INFOPLIST_KEY_UISupportedInterfaceOrientations_iPhone = "UIInterfaceOrientationPortrait UIInterfaceOrientationLandscapeLeft UIInterfaceOrientationLandscapeRight";
				LD_RUNPATH_SEARCH_PATHS = (
					"$(inherited)",
					"@executable_path/Frameworks",
				);
				MARKETING_VERSION = 1.0;
				PRODUCT_BUNDLE_IDENTIFIER = com.rayhanfaluda.Marvally;
				PRODUCT_NAME = "$(TARGET_NAME)";
				SWIFT_EMIT_LOC_STRINGS = YES;
				SWIFT_VERSION = 5.0;
				TARGETED_DEVICE_FAMILY = "1,2";
			};
			name = Debug;
		};
		FA803161286BF79700F4299E /* Release */ = {
			isa = XCBuildConfiguration;
			buildSettings = {
				ASSETCATALOG_COMPILER_APPICON_NAME = AppIcon;
				ASSETCATALOG_COMPILER_GLOBAL_ACCENT_COLOR_NAME = AccentColor;
				CODE_SIGN_STYLE = Automatic;
				CURRENT_PROJECT_VERSION = 1;
				DEVELOPMENT_ASSET_PATHS = "\"Marvally/Preview Content\"";
				DEVELOPMENT_TEAM = QWVAEMBXMM;
				ENABLE_PREVIEWS = YES;
				GENERATE_INFOPLIST_FILE = YES;
				INFOPLIST_FILE = Marvally/Info.plist;
				INFOPLIST_KEY_UIApplicationSceneManifest_Generation = YES;
				INFOPLIST_KEY_UIApplicationSupportsIndirectInputEvents = YES;
				INFOPLIST_KEY_UILaunchScreen_Generation = YES;
				INFOPLIST_KEY_UISupportedInterfaceOrientations_iPad = "UIInterfaceOrientationPortrait UIInterfaceOrientationPortraitUpsideDown UIInterfaceOrientationLandscapeLeft UIInterfaceOrientationLandscapeRight";
				INFOPLIST_KEY_UISupportedInterfaceOrientations_iPhone = "UIInterfaceOrientationPortrait UIInterfaceOrientationLandscapeLeft UIInterfaceOrientationLandscapeRight";
				LD_RUNPATH_SEARCH_PATHS = (
					"$(inherited)",
					"@executable_path/Frameworks",
				);
				MARKETING_VERSION = 1.0;
				PRODUCT_BUNDLE_IDENTIFIER = com.rayhanfaluda.Marvally;
				PRODUCT_NAME = "$(TARGET_NAME)";
				SWIFT_EMIT_LOC_STRINGS = YES;
				SWIFT_VERSION = 5.0;
				TARGETED_DEVICE_FAMILY = "1,2";
			};
			name = Release;
		};
		FA803163286BF79700F4299E /* Debug */ = {
			isa = XCBuildConfiguration;
			buildSettings = {
				ALWAYS_EMBED_SWIFT_STANDARD_LIBRARIES = YES;
				BUNDLE_LOADER = "$(TEST_HOST)";
				CODE_SIGN_STYLE = Automatic;
				CURRENT_PROJECT_VERSION = 1;
				DEVELOPMENT_TEAM = QWVAEMBXMM;
				GENERATE_INFOPLIST_FILE = YES;
				IPHONEOS_DEPLOYMENT_TARGET = 15.5;
				MARKETING_VERSION = 1.0;
				PRODUCT_BUNDLE_IDENTIFIER = com.rayhanfaluda.MarvallyTests;
				PRODUCT_NAME = "$(TARGET_NAME)";
				SWIFT_EMIT_LOC_STRINGS = NO;
				SWIFT_VERSION = 5.0;
				TARGETED_DEVICE_FAMILY = "1,2";
				TEST_HOST = "$(BUILT_PRODUCTS_DIR)/Marvally.app/Marvally";
			};
			name = Debug;
		};
		FA803164286BF79700F4299E /* Release */ = {
			isa = XCBuildConfiguration;
			buildSettings = {
				ALWAYS_EMBED_SWIFT_STANDARD_LIBRARIES = YES;
				BUNDLE_LOADER = "$(TEST_HOST)";
				CODE_SIGN_STYLE = Automatic;
				CURRENT_PROJECT_VERSION = 1;
				DEVELOPMENT_TEAM = QWVAEMBXMM;
				GENERATE_INFOPLIST_FILE = YES;
				IPHONEOS_DEPLOYMENT_TARGET = 15.5;
				MARKETING_VERSION = 1.0;
				PRODUCT_BUNDLE_IDENTIFIER = com.rayhanfaluda.MarvallyTests;
				PRODUCT_NAME = "$(TARGET_NAME)";
				SWIFT_EMIT_LOC_STRINGS = NO;
				SWIFT_VERSION = 5.0;
				TARGETED_DEVICE_FAMILY = "1,2";
				TEST_HOST = "$(BUILT_PRODUCTS_DIR)/Marvally.app/Marvally";
			};
			name = Release;
		};
		FA803166286BF79700F4299E /* Debug */ = {
			isa = XCBuildConfiguration;
			buildSettings = {
				ALWAYS_EMBED_SWIFT_STANDARD_LIBRARIES = YES;
				CODE_SIGN_STYLE = Automatic;
				CURRENT_PROJECT_VERSION = 1;
				DEVELOPMENT_TEAM = QWVAEMBXMM;
				GENERATE_INFOPLIST_FILE = YES;
				MARKETING_VERSION = 1.0;
				PRODUCT_BUNDLE_IDENTIFIER = com.rayhanfaluda.MarvallyUITests;
				PRODUCT_NAME = "$(TARGET_NAME)";
				SWIFT_EMIT_LOC_STRINGS = NO;
				SWIFT_VERSION = 5.0;
				TARGETED_DEVICE_FAMILY = "1,2";
				TEST_TARGET_NAME = Marvally;
			};
			name = Debug;
		};
		FA803167286BF79700F4299E /* Release */ = {
			isa = XCBuildConfiguration;
			buildSettings = {
				ALWAYS_EMBED_SWIFT_STANDARD_LIBRARIES = YES;
				CODE_SIGN_STYLE = Automatic;
				CURRENT_PROJECT_VERSION = 1;
				DEVELOPMENT_TEAM = QWVAEMBXMM;
				GENERATE_INFOPLIST_FILE = YES;
				MARKETING_VERSION = 1.0;
				PRODUCT_BUNDLE_IDENTIFIER = com.rayhanfaluda.MarvallyUITests;
				PRODUCT_NAME = "$(TARGET_NAME)";
				SWIFT_EMIT_LOC_STRINGS = NO;
				SWIFT_VERSION = 5.0;
				TARGETED_DEVICE_FAMILY = "1,2";
				TEST_TARGET_NAME = Marvally;
			};
			name = Release;
		};
/* End XCBuildConfiguration section */

/* Begin XCConfigurationList section */
		FA803136286BF79200F4299E /* Build configuration list for PBXProject "Marvally" */ = {
			isa = XCConfigurationList;
			buildConfigurations = (
				FA80315D286BF79700F4299E /* Debug */,
				FA80315E286BF79700F4299E /* Release */,
			);
			defaultConfigurationIsVisible = 0;
			defaultConfigurationName = Release;
		};
		FA80315F286BF79700F4299E /* Build configuration list for PBXNativeTarget "Marvally" */ = {
			isa = XCConfigurationList;
			buildConfigurations = (
				FA803160286BF79700F4299E /* Debug */,
				FA803161286BF79700F4299E /* Release */,
			);
			defaultConfigurationIsVisible = 0;
			defaultConfigurationName = Release;
		};
		FA803162286BF79700F4299E /* Build configuration list for PBXNativeTarget "MarvallyTests" */ = {
			isa = XCConfigurationList;
			buildConfigurations = (
				FA803163286BF79700F4299E /* Debug */,
				FA803164286BF79700F4299E /* Release */,
			);
			defaultConfigurationIsVisible = 0;
			defaultConfigurationName = Release;
		};
		FA803165286BF79700F4299E /* Build configuration list for PBXNativeTarget "MarvallyUITests" */ = {
			isa = XCConfigurationList;
			buildConfigurations = (
				FA803166286BF79700F4299E /* Debug */,
				FA803167286BF79700F4299E /* Release */,
			);
			defaultConfigurationIsVisible = 0;
			defaultConfigurationName = Release;
		};
/* End XCConfigurationList section */
	};
	rootObject = FA803133286BF79200F4299E /* Project object */;
}
